{
  "version": 4,
  "terraform_version": "0.12.19",
  "serial": 1,
  "lineage": "73fbdf6f-86ae-4095-900c-07f310aaf675",
  "outputs": {},
  "resources": [
    {
      "mode": "managed",
      "type": "google_compute_network",
      "name": "ndcdemo-network",
      "provider": "provider.google",
      "instances": [
        {
          "schema_version": 0,
          "attributes_flat": {
            "auto_create_subnetworks": "false",
            "gateway_ipv4": "",
            "id": "ndcdemo",
            "ipv4_range": "",
            "name": "ndcdemo",
            "self_link": "https://www.googleapis.com/compute/v1/projects/jb0ss-terraform-admin/global/networks/ndcdemo"
          }
        }
      ]
    },
    {
      "mode": "managed",
      "type": "google_compute_subnetwork",
      "name": "ndcdemo-subnetwork-subnet1",
      "provider": "provider.google",
      "instances": [
        {
          "schema_version": 0,
          "attributes_flat": {
            "gateway_address": "10.0.0.1",
            "id": "us-west1/ndcdemo-subnet1",
            "ip_cidr_range": "10.0.0.0/24",
            "name": "ndcdemo-subnet1",
            "network": "https://www.googleapis.com/compute/v1/projects/jb0ss-terraform-admin/global/networks/ndcdemo",
            "private_ip_google_access": "true",
            "region": "us-west1",
            "self_link": "https://www.googleapis.com/compute/v1/projects/jb0ss-terraform-admin/regions/us-west1/subnetworks/ndcdemo-subnet1"
          },
          "depends_on": [
            "google_compute_network.ndcdemo-network"
          ]
        }
      ]
    },
    {
      "mode": "managed",
      "type": "google_compute_subnetwork",
      "name": "ndcdemo-subnetwork-subnet2",
      "provider": "provider.google",
      "instances": [
        {
          "schema_version": 0,
          "attributes_flat": {
            "gateway_address": "10.1.0.1",
            "id": "us-west1/ndcdemo-subnet2",
            "ip_cidr_range": "10.1.0.0/24",
            "name": "ndcdemo-subnet2",
            "network": "https://www.googleapis.com/compute/v1/projects/jb0ss-terraform-admin/global/networks/ndcdemo",
            "private_ip_google_access": "true",
            "region": "us-west1",
            "self_link": "https://www.googleapis.com/compute/v1/projects/jb0ss-terraform-admin/regions/us-west1/subnetworks/ndcdemo-subnet2"
          },
          "depends_on": [
            "google_compute_network.ndcdemo-network"
          ]
        }
      ]
    }
  ]
}
